// !$*UTF8*$!
{
	archiveVersion = 1;
	classes = {
	};
	objectVersion = 56;
	objects = {

/* Begin PBXBuildFile section */
		6D1C26E32C5C7088004F706A /* CITestApp.swift in Sources */ = {isa = PBXBuildFile; fileRef = 6D1C26E22C5C7088004F706A /* CITestApp.swift */; };
		6D1C26E52C5C7088004F706A /* ContentView.swift in Sources */ = {isa = PBXBuildFile; fileRef = 6D1C26E42C5C7088004F706A /* ContentView.swift */; };
		6D1C26E72C5C7089004F706A /* Assets.xcassets in Resources */ = {isa = PBXBuildFile; fileRef = 6D1C26E62C5C7089004F706A /* Assets.xcassets */; };
		6D1C26EA2C5C7089004F706A /* Preview Assets.xcassets in Resources */ = {isa = PBXBuildFile; fileRef = 6D1C26E92C5C7089004F706A /* Preview Assets.xcassets */; };
		6D1C26F42C5C7089004F706A /* CITestTests.swift in Sources */ = {isa = PBXBuildFile; fileRef = 6D1C26F32C5C7089004F706A /* CITestTests.swift */; };
		6D1C26FE2C5C7089004F706A /* CITestUITests.swift in Sources */ = {isa = PBXBuildFile; fileRef = 6D1C26FD2C5C7089004F706A /* CITestUITests.swift */; };
		6D1C27002C5C7089004F706A /* CITestUITestsLaunchTests.swift in Sources */ = {isa = PBXBuildFile; fileRef = 6D1C26FF2C5C7089004F706A /* CITestUITestsLaunchTests.swift */; };
/* End PBXBuildFile section */

/* Begin PBXContainerItemProxy section */
		6D1C26F02C5C7089004F706A /* PBXContainerItemProxy */ = {
			isa = PBXContainerItemProxy;
			containerPortal = 6D1C26D72C5C7088004F706A /* Project object */;
			proxyType = 1;
			remoteGlobalIDString = 6D1C26DE2C5C7088004F706A;
			remoteInfo = CITest;
		};
		6D1C26FA2C5C7089004F706A /* PBXContainerItemProxy */ = {
			isa = PBXContainerItemProxy;
			containerPortal = 6D1C26D72C5C7088004F706A /* Project object */;
			proxyType = 1;
			remoteGlobalIDString = 6D1C26DE2C5C7088004F706A;
			remoteInfo = CITest;
		};
/* End PBXContainerItemProxy section */

/* Begin PBXFileReference section */
		6D1C26DF2C5C7088004F706A /* CITest.app */ = {isa = PBXFileReference; explicitFileType = wrapper.application; includeInIndex = 0; path = CITest.app; sourceTree = BUILT_PRODUCTS_DIR; };
		6D1C26E22C5C7088004F706A /* CITestApp.swift */ = {isa = PBXFileReference; lastKnownFileType = sourcecode.swift; path = CITestApp.swift; sourceTree = "<group>"; };
		6D1C26E42C5C7088004F706A /* ContentView.swift */ = {isa = PBXFileReference; lastKnownFileType = sourcecode.swift; path = ContentView.swift; sourceTree = "<group>"; };
		6D1C26E62C5C7089004F706A /* Assets.xcassets */ = {isa = PBXFileReference; lastKnownFileType = folder.assetcatalog; path = Assets.xcassets; sourceTree = "<group>"; };
		6D1C26E92C5C7089004F706A /* Preview Assets.xcassets */ = {isa = PBXFileReference; lastKnownFileType = folder.assetcatalog; path = "Preview Assets.xcassets"; sourceTree = "<group>"; };
		6D1C26EF2C5C7089004F706A /* CITestTests.xctest */ = {isa = PBXFileReference; explicitFileType = wrapper.cfbundle; includeInIndex = 0; path = CITestTests.xctest; sourceTree = BUILT_PRODUCTS_DIR; };
		6D1C26F32C5C7089004F706A /* CITestTests.swift */ = {isa = PBXFileReference; lastKnownFileType = sourcecode.swift; path = CITestTests.swift; sourceTree = "<group>"; };
		6D1C26F92C5C7089004F706A /* CITestUITests.xctest */ = {isa = PBXFileReference; explicitFileType = wrapper.cfbundle; includeInIndex = 0; path = CITestUITests.xctest; sourceTree = BUILT_PRODUCTS_DIR; };
		6D1C26FD2C5C7089004F706A /* CITestUITests.swift */ = {isa = PBXFileReference; lastKnownFileType = sourcecode.swift; path = CITestUITests.swift; sourceTree = "<group>"; };
		6D1C26FF2C5C7089004F706A /* CITestUITestsLaunchTests.swift */ = {isa = PBXFileReference; lastKnownFileType = sourcecode.swift; path = CITestUITestsLaunchTests.swift; sourceTree = "<group>"; };
/* End PBXFileReference section */

/* Begin PBXFrameworksBuildPhase section */
		6D1C26DC2C5C7088004F706A /* Frameworks */ = {
			isa = PBXFrameworksBuildPhase;
			buildActionMask = 2147483647;
			files = (
			);
			runOnlyForDeploymentPostprocessing = 0;
		};
		6D1C26EC2C5C7089004F706A /* Frameworks */ = {
			isa = PBXFrameworksBuildPhase;
			buildActionMask = 2147483647;
			files = (
			);
			runOnlyForDeploymentPostprocessing = 0;
		};
		6D1C26F62C5C7089004F706A /* Frameworks */ = {
			isa = PBXFrameworksBuildPhase;
			buildActionMask = 2147483647;
			files = (
			);
			runOnlyForDeploymentPostprocessing = 0;
		};
/* End PBXFrameworksBuildPhase section */

/* Begin PBXGroup section */
		6D1C26D62C5C7088004F706A = {
			isa = PBXGroup;
			children = (
				6D1C26E12C5C7088004F706A /* CITest */,
				6D1C26F22C5C7089004F706A /* CITestTests */,
				6D1C26FC2C5C7089004F706A /* CITestUITests */,
				6D1C26E02C5C7088004F706A /* Products */,
			);
			sourceTree = "<group>";
		};
		6D1C26E02C5C7088004F706A /* Products */ = {
			isa = PBXGroup;
			children = (
				6D1C26DF2C5C7088004F706A /* CITest.app */,
				6D1C26EF2C5C7089004F706A /* CITestTests.xctest */,
				6D1C26F92C5C7089004F706A /* CITestUITests.xctest */,
			);
			name = Products;
			sourceTree = "<group>";
		};
		6D1C26E12C5C7088004F706A /* CITest */ = {
			isa = PBXGroup;
			children = (
				6D1C26E22C5C7088004F706A /* CITestApp.swift */,
				6D1C26E42C5C7088004F706A /* ContentView.swift */,
				6D1C26E62C5C7089004F706A /* Assets.xcassets */,
				6D1C26E82C5C7089004F706A /* Preview Content */,
			);
			path = CITest;
			sourceTree = "<group>";
		};
		6D1C26E82C5C7089004F706A /* Preview Content */ = {
			isa = PBXGroup;
			children = (
				6D1C26E92C5C7089004F706A /* Preview Assets.xcassets */,
			);
			path = "Preview Content";
			sourceTree = "<group>";
		};
		6D1C26F22C5C7089004F706A /* CITestTests */ = {
			isa = PBXGroup;
			children = (
				6D1C26F32C5C7089004F706A /* CITestTests.swift */,
			);
			path = CITestTests;
			sourceTree = "<group>";
		};
		6D1C26FC2C5C7089004F706A /* CITestUITests */ = {
			isa = PBXGroup;
			children = (
				6D1C26FD2C5C7089004F706A /* CITestUITests.swift */,
				6D1C26FF2C5C7089004F706A /* CITestUITestsLaunchTests.swift */,
			);
			path = CITestUITests;
			sourceTree = "<group>";
		};
/* End PBXGroup section */

/* Begin PBXNativeTarget section */
		6D1C26DE2C5C7088004F706A /* CITest */ = {
			isa = PBXNativeTarget;
			buildConfigurationList = 6D1C27032C5C7089004F706A /* Build configuration list for PBXNativeTarget "CITest" */;
			buildPhases = (
				6D1C26DB2C5C7088004F706A /* Sources */,
				6D1C26DC2C5C7088004F706A /* Frameworks */,
				6D1C26DD2C5C7088004F706A /* Resources */,
			);
			buildRules = (
			);
			dependencies = (
			);
			name = CITest;
			productName = CITest;
			productReference = 6D1C26DF2C5C7088004F706A /* CITest.app */;
			productType = "com.apple.product-type.application";
		};
		6D1C26EE2C5C7089004F706A /* CITestTests */ = {
			isa = PBXNativeTarget;
			buildConfigurationList = 6D1C27062C5C7089004F706A /* Build configuration list for PBXNativeTarget "CITestTests" */;
			buildPhases = (
				6D1C26EB2C5C7089004F706A /* Sources */,
				6D1C26EC2C5C7089004F706A /* Frameworks */,
				6D1C26ED2C5C7089004F706A /* Resources */,
			);
			buildRules = (
			);
			dependencies = (
				6D1C26F12C5C7089004F706A /* PBXTargetDependency */,
			);
			name = CITestTests;
			productName = CITestTests;
			productReference = 6D1C26EF2C5C7089004F706A /* CITestTests.xctest */;
			productType = "com.apple.product-type.bundle.unit-test";
		};
		6D1C26F82C5C7089004F706A /* CITestUITests */ = {
			isa = PBXNativeTarget;
			buildConfigurationList = 6D1C27092C5C7089004F706A /* Build configuration list for PBXNativeTarget "CITestUITests" */;
			buildPhases = (
				6D1C26F52C5C7089004F706A /* Sources */,
				6D1C26F62C5C7089004F706A /* Frameworks */,
				6D1C26F72C5C7089004F706A /* Resources */,
			);
			buildRules = (
			);
			dependencies = (
				6D1C26FB2C5C7089004F706A /* PBXTargetDependency */,
			);
			name = CITestUITests;
			productName = CITestUITests;
			productReference = 6D1C26F92C5C7089004F706A /* CITestUITests.xctest */;
			productType = "com.apple.product-type.bundle.ui-testing";
		};
/* End PBXNativeTarget section */

/* Begin PBXProject section */
		6D1C26D72C5C7088004F706A /* Project object */ = {
			isa = PBXProject;
			attributes = {
				BuildIndependentTargetsInParallel = 1;
				LastSwiftUpdateCheck = 1500;
				LastUpgradeCheck = 1500;
				TargetAttributes = {
					6D1C26DE2C5C7088004F706A = {
						CreatedOnToolsVersion = 15.0.1;
					};
					6D1C26EE2C5C7089004F706A = {
						CreatedOnToolsVersion = 15.0.1;
						TestTargetID = 6D1C26DE2C5C7088004F706A;
					};
					6D1C26F82C5C7089004F706A = {
						CreatedOnToolsVersion = 15.0.1;
						TestTargetID = 6D1C26DE2C5C7088004F706A;
					};
				};
			};
			buildConfigurationList = 6D1C26DA2C5C7088004F706A /* Build configuration list for PBXProject "CITest" */;
			compatibilityVersion = "Xcode 14.0";
			developmentRegion = en;
			hasScannedForEncodings = 0;
			knownRegions = (
				en,
				Base,
			);
			mainGroup = 6D1C26D62C5C7088004F706A;
			productRefGroup = 6D1C26E02C5C7088004F706A /* Products */;
			projectDirPath = "";
			projectRoot = "";
			targets = (
				6D1C26DE2C5C7088004F706A /* CITest */,
				6D1C26EE2C5C7089004F706A /* CITestTests */,
				6D1C26F82C5C7089004F706A /* CITestUITests */,
			);
		};
/* End PBXProject section */

/* Begin PBXResourcesBuildPhase section */
		6D1C26DD2C5C7088004F706A /* Resources */ = {
			isa = PBXResourcesBuildPhase;
			buildActionMask = 2147483647;
			files = (
				6D1C26EA2C5C7089004F706A /* Preview Assets.xcassets in Resources */,
				6D1C26E72C5C7089004F706A /* Assets.xcassets in Resources */,
			);
			runOnlyForDeploymentPostprocessing = 0;
		};
		6D1C26ED2C5C7089004F706A /* Resources */ = {
			isa = PBXResourcesBuildPhase;
			buildActionMask = 2147483647;
			files = (
			);
			runOnlyForDeploymentPostprocessing = 0;
		};
		6D1C26F72C5C7089004F706A /* Resources */ = {
			isa = PBXResourcesBuildPhase;
			buildActionMask = 2147483647;
			files = (
			);
			runOnlyForDeploymentPostprocessing = 0;
		};
/* End PBXResourcesBuildPhase section */

/* Begin PBXSourcesBuildPhase section */
		6D1C26DB2C5C7088004F706A /* Sources */ = {
			isa = PBXSourcesBuildPhase;
			buildActionMask = 2147483647;
			files = (
				6D1C26E52C5C7088004F706A /* ContentView.swift in Sources */,
				6D1C26E32C5C7088004F706A /* CITestApp.swift in Sources */,
			);
			runOnlyForDeploymentPostprocessing = 0;
		};
		6D1C26EB2C5C7089004F706A /* Sources */ = {
			isa = PBXSourcesBuildPhase;
			buildActionMask = 2147483647;
			files = (
				6D1C26F42C5C7089004F706A /* CITestTests.swift in Sources */,
			);
			runOnlyForDeploymentPostprocessing = 0;
		};
		6D1C26F52C5C7089004F706A /* Sources */ = {
			isa = PBXSourcesBuildPhase;
			buildActionMask = 2147483647;
			files = (
				6D1C27002C5C7089004F706A /* CITestUITestsLaunchTests.swift in Sources */,
				6D1C26FE2C5C7089004F706A /* CITestUITests.swift in Sources */,
			);
			runOnlyForDeploymentPostprocessing = 0;
		};
/* End PBXSourcesBuildPhase section */

/* Begin PBXTargetDependency section */
		6D1C26F12C5C7089004F706A /* PBXTargetDependency */ = {
			isa = PBXTargetDependency;
			target = 6D1C26DE2C5C7088004F706A /* CITest */;
			targetProxy = 6D1C26F02C5C7089004F706A /* PBXContainerItemProxy */;
		};
		6D1C26FB2C5C7089004F706A /* PBXTargetDependency */ = {
			isa = PBXTargetDependency;
			target = 6D1C26DE2C5C7088004F706A /* CITest */;
			targetProxy = 6D1C26FA2C5C7089004F706A /* PBXContainerItemProxy */;
		};
/* End PBXTargetDependency section */

/* Begin XCBuildConfiguration section */
		6D1C27012C5C7089004F706A /* Debug */ = {
			isa = XCBuildConfiguration;
			buildSettings = {
				ALWAYS_SEARCH_USER_PATHS = NO;
				ASSETCATALOG_COMPILER_GENERATE_SWIFT_ASSET_SYMBOL_EXTENSIONS = YES;
				CLANG_ANALYZER_NONNULL = YES;
				CLANG_ANALYZER_NUMBER_OBJECT_CONVERSION = YES_AGGRESSIVE;
				CLANG_CXX_LANGUAGE_STANDARD = "gnu++20";
				CLANG_ENABLE_MODULES = YES;
				CLANG_ENABLE_OBJC_ARC = YES;
				CLANG_ENABLE_OBJC_WEAK = YES;
				CLANG_WARN_BLOCK_CAPTURE_AUTORELEASING = YES;
				CLANG_WARN_BOOL_CONVERSION = YES;
				CLANG_WARN_COMMA = YES;
				CLANG_WARN_CONSTANT_CONVERSION = YES;
				CLANG_WARN_DEPRECATED_OBJC_IMPLEMENTATIONS = YES;
				CLANG_WARN_DIRECT_OBJC_ISA_USAGE = YES_ERROR;
				CLANG_WARN_DOCUMENTATION_COMMENTS = YES;
				CLANG_WARN_EMPTY_BODY = YES;
				CLANG_WARN_ENUM_CONVERSION = YES;
				CLANG_WARN_INFINITE_RECURSION = YES;
				CLANG_WARN_INT_CONVERSION = YES;
				CLANG_WARN_NON_LITERAL_NULL_CONVERSION = YES;
				CLANG_WARN_OBJC_IMPLICIT_RETAIN_SELF = YES;
				CLANG_WARN_OBJC_LITERAL_CONVERSION = YES;
				CLANG_WARN_OBJC_ROOT_CLASS = YES_ERROR;
				CLANG_WARN_QUOTED_INCLUDE_IN_FRAMEWORK_HEADER = YES;
				CLANG_WARN_RANGE_LOOP_ANALYSIS = YES;
				CLANG_WARN_STRICT_PROTOTYPES = YES;
				CLANG_WARN_SUSPICIOUS_MOVE = YES;
				CLANG_WARN_UNGUARDED_AVAILABILITY = YES_AGGRESSIVE;
				CLANG_WARN_UNREACHABLE_CODE = YES;
				CLANG_WARN__DUPLICATE_METHOD_MATCH = YES;
				COPY_PHASE_STRIP = NO;
				DEBUG_INFORMATION_FORMAT = dwarf;
				ENABLE_STRICT_OBJC_MSGSEND = YES;
				ENABLE_TESTABILITY = YES;
				ENABLE_USER_SCRIPT_SANDBOXING = YES;
				GCC_C_LANGUAGE_STANDARD = gnu17;
				GCC_DYNAMIC_NO_PIC = NO;
				GCC_NO_COMMON_BLOCKS = YES;
				GCC_OPTIMIZATION_LEVEL = 0;
				GCC_PREPROCESSOR_DEFINITIONS = (
					"DEBUG=1",
					"$(inherited)",
				);
				GCC_WARN_64_TO_32_BIT_CONVERSION = YES;
				GCC_WARN_ABOUT_RETURN_TYPE = YES_ERROR;
				GCC_WARN_UNDECLARED_SELECTOR = YES;
				GCC_WARN_UNINITIALIZED_AUTOS = YES_AGGRESSIVE;
				GCC_WARN_UNUSED_FUNCTION = YES;
				GCC_WARN_UNUSED_VARIABLE = YES;
				IPHONEOS_DEPLOYMENT_TARGET = 17.0;
				LOCALIZATION_PREFERS_STRING_CATALOGS = YES;
				MTL_ENABLE_DEBUG_INFO = INCLUDE_SOURCE;
				MTL_FAST_MATH = YES;
				ONLY_ACTIVE_ARCH = YES;
				SDKROOT = iphoneos;
				SWIFT_ACTIVE_COMPILATION_CONDITIONS = "DEBUG $(inherited)";
				SWIFT_OPTIMIZATION_LEVEL = "-Onone";
			};
			name = Debug;
		};
		6D1C27022C5C7089004F706A /* Release */ = {
			isa = XCBuildConfiguration;
			buildSettings = {
				ALWAYS_SEARCH_USER_PATHS = NO;
				ASSETCATALOG_COMPILER_GENERATE_SWIFT_ASSET_SYMBOL_EXTENSIONS = YES;
				CLANG_ANALYZER_NONNULL = YES;
				CLANG_ANALYZER_NUMBER_OBJECT_CONVERSION = YES_AGGRESSIVE;
				CLANG_CXX_LANGUAGE_STANDARD = "gnu++20";
				CLANG_ENABLE_MODULES = YES;
				CLANG_ENABLE_OBJC_ARC = YES;
				CLANG_ENABLE_OBJC_WEAK = YES;
				CLANG_WARN_BLOCK_CAPTURE_AUTORELEASING = YES;
				CLANG_WARN_BOOL_CONVERSION = YES;
				CLANG_WARN_COMMA = YES;
				CLANG_WARN_CONSTANT_CONVERSION = YES;
				CLANG_WARN_DEPRECATED_OBJC_IMPLEMENTATIONS = YES;
				CLANG_WARN_DIRECT_OBJC_ISA_USAGE = YES_ERROR;
				CLANG_WARN_DOCUMENTATION_COMMENTS = YES;
				CLANG_WARN_EMPTY_BODY = YES;
				CLANG_WARN_ENUM_CONVERSION = YES;
				CLANG_WARN_INFINITE_RECURSION = YES;
				CLANG_WARN_INT_CONVERSION = YES;
				CLANG_WARN_NON_LITERAL_NULL_CONVERSION = YES;
				CLANG_WARN_OBJC_IMPLICIT_RETAIN_SELF = YES;
				CLANG_WARN_OBJC_LITERAL_CONVERSION = YES;
				CLANG_WARN_OBJC_ROOT_CLASS = YES_ERROR;
				CLANG_WARN_QUOTED_INCLUDE_IN_FRAMEWORK_HEADER = YES;
				CLANG_WARN_RANGE_LOOP_ANALYSIS = YES;
				CLANG_WARN_STRICT_PROTOTYPES = YES;
				CLANG_WARN_SUSPICIOUS_MOVE = YES;
				CLANG_WARN_UNGUARDED_AVAILABILITY = YES_AGGRESSIVE;
				CLANG_WARN_UNREACHABLE_CODE = YES;
				CLANG_WARN__DUPLICATE_METHOD_MATCH = YES;
				COPY_PHASE_STRIP = NO;
				DEBUG_INFORMATION_FORMAT = "dwarf-with-dsym";
				ENABLE_NS_ASSERTIONS = NO;
				ENABLE_STRICT_OBJC_MSGSEND = YES;
				ENABLE_USER_SCRIPT_SANDBOXING = YES;
				GCC_C_LANGUAGE_STANDARD = gnu17;
				GCC_NO_COMMON_BLOCKS = YES;
				GCC_WARN_64_TO_32_BIT_CONVERSION = YES;
				GCC_WARN_ABOUT_RETURN_TYPE = YES_ERROR;
				GCC_WARN_UNDECLARED_SELECTOR = YES;
				GCC_WARN_UNINITIALIZED_AUTOS = YES_AGGRESSIVE;
				GCC_WARN_UNUSED_FUNCTION = YES;
				GCC_WARN_UNUSED_VARIABLE = YES;
				IPHONEOS_DEPLOYMENT_TARGET = 17.0;
				LOCALIZATION_PREFERS_STRING_CATALOGS = YES;
				MTL_ENABLE_DEBUG_INFO = NO;
				MTL_FAST_MATH = YES;
				SDKROOT = iphoneos;
				SWIFT_COMPILATION_MODE = wholemodule;
				VALIDATE_PRODUCT = YES;
			};
			name = Release;
		};
		6D1C27042C5C7089004F706A /* Debug */ = {
			isa = XCBuildConfiguration;
			buildSettings = {
				ASSETCATALOG_COMPILER_APPICON_NAME = AppIcon;
				ASSETCATALOG_COMPILER_GLOBAL_ACCENT_COLOR_NAME = AccentColor;
				CODE_SIGN_IDENTITY = "Apple Development";
				CODE_SIGN_STYLE = Automatic;
				CURRENT_PROJECT_VERSION = 1;
				DEVELOPMENT_ASSET_PATHS = "\"CITest/Preview Content\"";
				DEVELOPMENT_TEAM = DQQRHYJ3R5;
				ENABLE_PREVIEWS = YES;
				GENERATE_INFOPLIST_FILE = YES;
				INFOPLIST_KEY_UIApplicationSceneManifest_Generation = YES;
				INFOPLIST_KEY_UIApplicationSupportsIndirectInputEvents = YES;
				INFOPLIST_KEY_UILaunchScreen_Generation = YES;
				INFOPLIST_KEY_UISupportedInterfaceOrientations_iPad = "UIInterfaceOrientationPortrait UIInterfaceOrientationPortraitUpsideDown UIInterfaceOrientationLandscapeLeft UIInterfaceOrientationLandscapeRight";
				INFOPLIST_KEY_UISupportedInterfaceOrientations_iPhone = "UIInterfaceOrientationPortrait UIInterfaceOrientationLandscapeLeft UIInterfaceOrientationLandscapeRight";
				LD_RUNPATH_SEARCH_PATHS = (
					"$(inherited)",
					"@executable_path/Frameworks",
				);
				MARKETING_VERSION = 1.0;
				PRODUCT_BUNDLE_IDENTIFIER = "init-inc.CITest";
				PRODUCT_NAME = "$(TARGET_NAME)";
				PROVISIONING_PROFILE_SPECIFIER = "";
				SWIFT_EMIT_LOC_STRINGS = YES;
				SWIFT_VERSION = 5.0;
				TARGETED_DEVICE_FAMILY = "1,2";
			};
			name = Debug;
		};
		6D1C27052C5C7089004F706A /* Release */ = {
			isa = XCBuildConfiguration;
			buildSettings = {
				ASSETCATALOG_COMPILER_APPICON_NAME = AppIcon;
				ASSETCATALOG_COMPILER_GLOBAL_ACCENT_COLOR_NAME = AccentColor;
				CODE_SIGN_STYLE = Automatic;
				CURRENT_PROJECT_VERSION = 1;
				DEVELOPMENT_ASSET_PATHS = "\"CITest/Preview Content\"";
				ENABLE_PREVIEWS = YES;
				GENERATE_INFOPLIST_FILE = YES;
				INFOPLIST_KEY_UIApplicationSceneManifest_Generation = YES;
				INFOPLIST_KEY_UIApplicationSupportsIndirectInputEvents = YES;
				INFOPLIST_KEY_UILaunchScreen_Generation = YES;
				INFOPLIST_KEY_UISupportedInterfaceOrientations_iPad = "UIInterfaceOrientationPortrait UIInterfaceOrientationPortraitUpsideDown UIInterfaceOrientationLandscapeLeft UIInterfaceOrientationLandscapeRight";
				INFOPLIST_KEY_UISupportedInterfaceOrientations_iPhone = "UIInterfaceOrientationPortrait UIInterfaceOrientationLandscapeLeft UIInterfaceOrientationLandscapeRight";
				LD_RUNPATH_SEARCH_PATHS = (
					"$(inherited)",
					"@executable_path/Frameworks",
				);
				MARKETING_VERSION = 1.0;
				PRODUCT_BUNDLE_IDENTIFIER = "init-inc.CITest";
				PRODUCT_NAME = "$(TARGET_NAME)";
				SWIFT_EMIT_LOC_STRINGS = YES;
				SWIFT_VERSION = 5.0;
				TARGETED_DEVICE_FAMILY = "1,2";
			};
			name = Release;
		};
		6D1C27072C5C7089004F706A /* Debug */ = {
			isa = XCBuildConfiguration;
			buildSettings = {
				ALWAYS_EMBED_SWIFT_STANDARD_LIBRARIES = YES;
				BUNDLE_LOADER = "$(TEST_HOST)";
				CODE_SIGN_IDENTITY = "Apple Development";
				CODE_SIGN_STYLE = Automatic;
				CURRENT_PROJECT_VERSION = 1;
				DEVELOPMENT_TEAM = DQQRHYJ3R5;
				GENERATE_INFOPLIST_FILE = YES;
				IPHONEOS_DEPLOYMENT_TARGET = 17.0;
				MARKETING_VERSION = 1.0;
				PRODUCT_BUNDLE_IDENTIFIER = "init-inc.CITestTests";
				PRODUCT_NAME = "$(TARGET_NAME)";
				PROVISIONING_PROFILE_SPECIFIER = "";
				SWIFT_EMIT_LOC_STRINGS = NO;
				SWIFT_VERSION = 5.0;
				TARGETED_DEVICE_FAMILY = "1,2";
				TEST_HOST = "$(BUILT_PRODUCTS_DIR)/CITest.app/$(BUNDLE_EXECUTABLE_FOLDER_PATH)/CITest";
			};
			name = Debug;
		};
		6D1C27082C5C7089004F706A /* Release */ = {
			isa = XCBuildConfiguration;
			buildSettings = {
				ALWAYS_EMBED_SWIFT_STANDARD_LIBRARIES = YES;
				BUNDLE_LOADER = "$(TEST_HOST)";
				CODE_SIGN_STYLE = Automatic;
				CURRENT_PROJECT_VERSION = 1;
				GENERATE_INFOPLIST_FILE = YES;
				IPHONEOS_DEPLOYMENT_TARGET = 17.0;
				MARKETING_VERSION = 1.0;
				PRODUCT_BUNDLE_IDENTIFIER = "init-inc.CITestTests";
				PRODUCT_NAME = "$(TARGET_NAME)";
				SWIFT_EMIT_LOC_STRINGS = NO;
				SWIFT_VERSION = 5.0;
				TARGETED_DEVICE_FAMILY = "1,2";
				TEST_HOST = "$(BUILT_PRODUCTS_DIR)/CITest.app/$(BUNDLE_EXECUTABLE_FOLDER_PATH)/CITest";
			};
			name = Release;
		};
		6D1C270A2C5C7089004F706A /* Debug */ = {
			isa = XCBuildConfiguration;
			buildSettings = {
				ALWAYS_EMBED_SWIFT_STANDARD_LIBRARIES = YES;
				CODE_SIGN_IDENTITY = "Apple Development";
				CODE_SIGN_STYLE = Automatic;
				CURRENT_PROJECT_VERSION = 1;
				DEVELOPMENT_TEAM = DQQRHYJ3R5;
				GENERATE_INFOPLIST_FILE = YES;
				MARKETING_VERSION = 1.0;
				PRODUCT_BUNDLE_IDENTIFIER = "init-inc.CITestUITests";
				PRODUCT_NAME = "$(TARGET_NAME)";
				PROVISIONING_PROFILE_SPECIFIER = "";
				SWIFT_EMIT_LOC_STRINGS = NO;
				SWIFT_VERSION = 5.0;
				TARGETED_DEVICE_FAMILY = "1,2";
				TEST_TARGET_NAME = CITest;
			};
			name = Debug;
		};
		6D1C270B2C5C7089004F706A /* Release */ = {
			isa = XCBuildConfiguration;
			buildSettings = {
				ALWAYS_EMBED_SWIFT_STANDARD_LIBRARIES = YES;
				CODE_SIGN_STYLE = Automatic;
				CURRENT_PROJECT_VERSION = 1;
				GENERATE_INFOPLIST_FILE = YES;
				MARKETING_VERSION = 1.0;
				PRODUCT_BUNDLE_IDENTIFIER = "init-inc.CITestUITests";
				PRODUCT_NAME = "$(TARGET_NAME)";
				SWIFT_EMIT_LOC_STRINGS = NO;
				SWIFT_VERSION = 5.0;
				TARGETED_DEVICE_FAMILY = "1,2";
				TEST_TARGET_NAME = CITest;
			};
			name = Release;
		};
/* End XCBuildConfiguration section */

/* Begin XCConfigurationList section */
		6D1C26DA2C5C7088004F706A /* Build configuration list for PBXProject "CITest" */ = {
			isa = XCConfigurationList;
			buildConfigurations = (
				6D1C27012C5C7089004F706A /* Debug */,
				6D1C27022C5C7089004F706A /* Release */,
			);
			defaultConfigurationIsVisible = 0;
			defaultConfigurationName = Release;
		};
		6D1C27032C5C7089004F706A /* Build configuration list for PBXNativeTarget "CITest" */ = {
			isa = XCConfigurationList;
			buildConfigurations = (
				6D1C27042C5C7089004F706A /* Debug */,
				6D1C27052C5C7089004F706A /* Release */,
			);
			defaultConfigurationIsVisible = 0;
			defaultConfigurationName = Release;
		};
		6D1C27062C5C7089004F706A /* Build configuration list for PBXNativeTarget "CITestTests" */ = {
			isa = XCConfigurationList;
			buildConfigurations = (
				6D1C27072C5C7089004F706A /* Debug */,
				6D1C27082C5C7089004F706A /* Release */,
			);
			defaultConfigurationIsVisible = 0;
			defaultConfigurationName = Release;
		};
		6D1C27092C5C7089004F706A /* Build configuration list for PBXNativeTarget "CITestUITests" */ = {
			isa = XCConfigurationList;
			buildConfigurations = (
				6D1C270A2C5C7089004F706A /* Debug */,
				6D1C270B2C5C7089004F706A /* Release */,
			);
			defaultConfigurationIsVisible = 0;
			defaultConfigurationName = Release;
		};
/* End XCConfigurationList section */
	};
	rootObject = 6D1C26D72C5C7088004F706A /* Project object */;
}
